
Microsoft Visual Studio Solution File, Format Version 12.00
# Visual Studio 14
VisualStudioVersion = 14.0.25420.1
MinimumVisualStudioVersion = 10.0.40219.1
Project("{FAE04EC0-301F-11D3-BF4B-00C04F79EFBC}") = "TextToSpeechDemo", "TextToSpeechDemo\TextToSpeechDemo\TextToSpeechDemo.csproj", "{AE39481E-1F04-4854-A0C9-88D5F2DA9D44}"
EndProject
Project("{FAE04EC0-301F-11D3-BF4B-00C04F79EFBC}") = "TextToSpeechDemo.Droid", "TextToSpeechDemo\TextToSpeechDemo.Droid\TextToSpeechDemo.Droid.csproj", "{313CD90C-4764-4CD0-9B13-130DB88ECFBA}"
EndProject
Project("{FAE04EC0-301F-11D3-BF4B-00C04F79EFBC}") = "TextToSpeechDemo.iOS", "TextToSpeechDemo\TextToSpeechDemo.iOS\TextToSpeechDemo.iOS.csproj", "{EAC7715B-E67F-423A-9894-B9B44D0EA3F3}"
EndProject
Project("{FAE04EC0-301F-11D3-BF4B-00C04F79EFBC}") = "TextToSpeechDemo.UWP", "TextToSpeechDemo\TextToSpeechDemo.UWP\TextToSpeechDemo.UWP.csproj", "{6CF704C1-B299-4F7B-A3BC-8CE663CBFB13}"
EndProject
Project("{2150E333-8FDC-42A3-9474-1A3956D46DE8}") = "Prism.Uniy", "Prism.Uniy", "{0344CD9C-0FF3-4FAD-8C65-E5D0D7E78805}"
EndProject
Project("{2150E333-8FDC-42A3-9474-1A3956D46DE8}") = "Dependency", "Dependency", "{8A2E8FFB-4C2D-4AF7-9213-DDC23902D92B}"
EndProject
Project("{FAE04EC0-301F-11D3-BF4B-00C04F79EFBC}") = "PrismTextToSpeech", "PrismTextToSpeech\PrismTextToSpeech\PrismTextToSpeech.csproj", "{E4A64645-5ACB-4BC9-A111-228E6BE4C037}"
EndProject
Project("{FAE04EC0-301F-11D3-BF4B-00C04F79EFBC}") = "PrismTextToSpeech.Droid", "PrismTextToSpeech\PrismTextToSpeech.Droid\PrismTextToSpeech.Droid.csproj", "{67234325-4926-4123-B840-317A1ACAB57F}"
EndProject
Project("{FAE04EC0-301F-11D3-BF4B-00C04F79EFBC}") = "PrismTextToSpeech.iOS", "PrismTextToSpeech\PrismTextToSpeech.iOS\PrismTextToSpeech.iOS.csproj", "{C7C991D5-FA55-48B3-9E32-8B2B60593E9E}"
EndProject
Project("{FAE04EC0-301F-11D3-BF4B-00C04F79EFBC}") = "PrismTextToSpeech.UWP", "PrismTextToSpeech\PrismTextToSpeech.UWP\PrismTextToSpeech.UWP.csproj", "{3EC22681-8FC2-462D-ACE4-B653A10B501B}"
EndProject
Global
	GlobalSection(SolutionConfigurationPlatforms) = preSolution
		Ad-Hoc|Any CPU = Ad-Hoc|Any CPU
		Ad-Hoc|ARM = Ad-Hoc|ARM
		Ad-Hoc|iPhone = Ad-Hoc|iPhone
		Ad-Hoc|iPhoneSimulator = Ad-Hoc|iPhoneSimulator
		Ad-Hoc|x64 = Ad-Hoc|x64
		Ad-Hoc|x86 = Ad-Hoc|x86
		AppStore|Any CPU = AppStore|Any CPU
		AppStore|ARM = AppStore|ARM
		AppStore|iPhone = AppStore|iPhone
		AppStore|iPhoneSimulator = AppStore|iPhoneSimulator
		AppStore|x64 = AppStore|x64
		AppStore|x86 = AppStore|x86
		Debug|Any CPU = Debug|Any CPU
		Debug|ARM = Debug|ARM
		Debug|iPhone = Debug|iPhone
		Debug|iPhoneSimulator = Debug|iPhoneSimulator
		Debug|x64 = Debug|x64
		Debug|x86 = Debug|x86
		Release|Any CPU = Release|Any CPU
		Release|ARM = Release|ARM
		Release|iPhone = Release|iPhone
		Release|iPhoneSimulator = Release|iPhoneSimulator
		Release|x64 = Release|x64
		Release|x86 = Release|x86
	EndGlobalSection
	GlobalSection(ProjectConfigurationPlatforms) = postSolution
		{AE39481E-1F04-4854-A0C9-88D5F2DA9D44}.Ad-Hoc|Any CPU.ActiveCfg = Release|Any CPU
		{AE39481E-1F04-4854-A0C9-88D5F2DA9D44}.Ad-Hoc|Any CPU.Build.0 = Release|Any CPU
		{AE39481E-1F04-4854-A0C9-88D5F2DA9D44}.Ad-Hoc|ARM.ActiveCfg = Release|Any CPU
		{AE39481E-1F04-4854-A0C9-88D5F2DA9D44}.Ad-Hoc|ARM.Build.0 = Release|Any CPU
		{AE39481E-1F04-4854-A0C9-88D5F2DA9D44}.Ad-Hoc|iPhone.ActiveCfg = Release|Any CPU
		{AE39481E-1F04-4854-A0C9-88D5F2DA9D44}.Ad-Hoc|iPhone.Build.0 = Release|Any CPU
		{AE39481E-1F04-4854-A0C9-88D5F2DA9D44}.Ad-Hoc|iPhoneSimulator.ActiveCfg = Release|Any CPU
		{AE39481E-1F04-4854-A0C9-88D5F2DA9D44}.Ad-Hoc|iPhoneSimulator.Build.0 = Release|Any CPU
		{AE39481E-1F04-4854-A0C9-88D5F2DA9D44}.Ad-Hoc|x64.ActiveCfg = Release|Any CPU
		{AE39481E-1F04-4854-A0C9-88D5F2DA9D44}.Ad-Hoc|x64.Build.0 = Release|Any CPU
		{AE39481E-1F04-4854-A0C9-88D5F2DA9D44}.Ad-Hoc|x86.ActiveCfg = Release|Any CPU
		{AE39481E-1F04-4854-A0C9-88D5F2DA9D44}.Ad-Hoc|x86.Build.0 = Release|Any CPU
		{AE39481E-1F04-4854-A0C9-88D5F2DA9D44}.AppStore|Any CPU.ActiveCfg = Release|Any CPU
		{AE39481E-1F04-4854-A0C9-88D5F2DA9D44}.AppStore|Any CPU.Build.0 = Release|Any CPU
		{AE39481E-1F04-4854-A0C9-88D5F2DA9D44}.AppStore|ARM.ActiveCfg = Release|Any CPU
		{AE39481E-1F04-4854-A0C9-88D5F2DA9D44}.AppStore|ARM.Build.0 = Release|Any CPU
		{AE39481E-1F04-4854-A0C9-88D5F2DA9D44}.AppStore|iPhone.ActiveCfg = Release|Any CPU
		{AE39481E-1F04-4854-A0C9-88D5F2DA9D44}.AppStore|iPhone.Build.0 = Release|Any CPU
		{AE39481E-1F04-4854-A0C9-88D5F2DA9D44}.AppStore|iPhoneSimulator.ActiveCfg = Release|Any CPU
		{AE39481E-1F04-4854-A0C9-88D5F2DA9D44}.AppStore|iPhoneSimulator.Build.0 = Release|Any CPU
		{AE39481E-1F04-4854-A0C9-88D5F2DA9D44}.AppStore|x64.ActiveCfg = Release|Any CPU
		{AE39481E-1F04-4854-A0C9-88D5F2DA9D44}.AppStore|x64.Build.0 = Release|Any CPU
		{AE39481E-1F04-4854-A0C9-88D5F2DA9D44}.AppStore|x86.ActiveCfg = Release|Any CPU
		{AE39481E-1F04-4854-A0C9-88D5F2DA9D44}.AppStore|x86.Build.0 = Release|Any CPU
		{AE39481E-1F04-4854-A0C9-88D5F2DA9D44}.Debug|Any CPU.ActiveCfg = Debug|Any CPU
		{AE39481E-1F04-4854-A0C9-88D5F2DA9D44}.Debug|Any CPU.Build.0 = Debug|Any CPU
		{AE39481E-1F04-4854-A0C9-88D5F2DA9D44}.Debug|ARM.ActiveCfg = Debug|Any CPU
		{AE39481E-1F04-4854-A0C9-88D5F2DA9D44}.Debug|ARM.Build.0 = Debug|Any CPU
		{AE39481E-1F04-4854-A0C9-88D5F2DA9D44}.Debug|iPhone.ActiveCfg = Debug|Any CPU
		{AE39481E-1F04-4854-A0C9-88D5F2DA9D44}.Debug|iPhone.Build.0 = Debug|Any CPU
		{AE39481E-1F04-4854-A0C9-88D5F2DA9D44}.Debug|iPhoneSimulator.ActiveCfg = Debug|Any CPU
		{AE39481E-1F04-4854-A0C9-88D5F2DA9D44}.Debug|iPhoneSimulator.Build.0 = Debug|Any CPU
		{AE39481E-1F04-4854-A0C9-88D5F2DA9D44}.Debug|x64.ActiveCfg = Debug|Any CPU
		{AE39481E-1F04-4854-A0C9-88D5F2DA9D44}.Debug|x64.Build.0 = Debug|Any CPU
		{AE39481E-1F04-4854-A0C9-88D5F2DA9D44}.Debug|x86.ActiveCfg = Debug|Any CPU
		{AE39481E-1F04-4854-A0C9-88D5F2DA9D44}.Debug|x86.Build.0 = Debug|Any CPU
		{AE39481E-1F04-4854-A0C9-88D5F2DA9D44}.Release|Any CPU.ActiveCfg = Release|Any CPU
		{AE39481E-1F04-4854-A0C9-88D5F2DA9D44}.Release|Any CPU.Build.0 = Release|Any CPU
		{AE39481E-1F04-4854-A0C9-88D5F2DA9D44}.Release|ARM.ActiveCfg = Release|Any CPU
		{AE39481E-1F04-4854-A0C9-88D5F2DA9D44}.Release|ARM.Build.0 = Release|Any CPU
		{AE39481E-1F04-4854-A0C9-88D5F2DA9D44}.Release|iPhone.ActiveCfg = Release|Any CPU
		{AE39481E-1F04-4854-A0C9-88D5F2DA9D44}.Release|iPhone.Build.0 = Release|Any CPU
		{AE39481E-1F04-4854-A0C9-88D5F2DA9D44}.Release|iPhoneSimulator.ActiveCfg = Release|Any CPU
		{AE39481E-1F04-4854-A0C9-88D5F2DA9D44}.Release|iPhoneSimulator.Build.0 = Release|Any CPU
		{AE39481E-1F04-4854-A0C9-88D5F2DA9D44}.Release|x64.ActiveCfg = Release|Any CPU
		{AE39481E-1F04-4854-A0C9-88D5F2DA9D44}.Release|x64.Build.0 = Release|Any CPU
		{AE39481E-1F04-4854-A0C9-88D5F2DA9D44}.Release|x86.ActiveCfg = Release|Any CPU
		{AE39481E-1F04-4854-A0C9-88D5F2DA9D44}.Release|x86.Build.0 = Release|Any CPU
		{313CD90C-4764-4CD0-9B13-130DB88ECFBA}.Ad-Hoc|Any CPU.ActiveCfg = Release|Any CPU
		{313CD90C-4764-4CD0-9B13-130DB88ECFBA}.Ad-Hoc|Any CPU.Build.0 = Release|Any CPU
		{313CD90C-4764-4CD0-9B13-130DB88ECFBA}.Ad-Hoc|Any CPU.Deploy.0 = Release|Any CPU
		{313CD90C-4764-4CD0-9B13-130DB88ECFBA}.Ad-Hoc|ARM.ActiveCfg = Release|Any CPU
		{313CD90C-4764-4CD0-9B13-130DB88ECFBA}.Ad-Hoc|ARM.Build.0 = Release|Any CPU
		{313CD90C-4764-4CD0-9B13-130DB88ECFBA}.Ad-Hoc|ARM.Deploy.0 = Release|Any CPU
		{313CD90C-4764-4CD0-9B13-130DB88ECFBA}.Ad-Hoc|iPhone.ActiveCfg = Release|Any CPU
		{313CD90C-4764-4CD0-9B13-130DB88ECFBA}.Ad-Hoc|iPhone.Build.0 = Release|Any CPU
		{313CD90C-4764-4CD0-9B13-130DB88ECFBA}.Ad-Hoc|iPhone.Deploy.0 = Release|Any CPU
		{313CD90C-4764-4CD0-9B13-130DB88ECFBA}.Ad-Hoc|iPhoneSimulator.ActiveCfg = Release|Any CPU
		{313CD90C-4764-4CD0-9B13-130DB88ECFBA}.Ad-Hoc|iPhoneSimulator.Build.0 = Release|Any CPU
		{313CD90C-4764-4CD0-9B13-130DB88ECFBA}.Ad-Hoc|iPhoneSimulator.Deploy.0 = Release|Any CPU
		{313CD90C-4764-4CD0-9B13-130DB88ECFBA}.Ad-Hoc|x64.ActiveCfg = Release|Any CPU
		{313CD90C-4764-4CD0-9B13-130DB88ECFBA}.Ad-Hoc|x64.Build.0 = Release|Any CPU
		{313CD90C-4764-4CD0-9B13-130DB88ECFBA}.Ad-Hoc|x64.Deploy.0 = Release|Any CPU
		{313CD90C-4764-4CD0-9B13-130DB88ECFBA}.Ad-Hoc|x86.ActiveCfg = Release|Any CPU
		{313CD90C-4764-4CD0-9B13-130DB88ECFBA}.Ad-Hoc|x86.Build.0 = Release|Any CPU
		{313CD90C-4764-4CD0-9B13-130DB88ECFBA}.Ad-Hoc|x86.Deploy.0 = Release|Any CPU
		{313CD90C-4764-4CD0-9B13-130DB88ECFBA}.AppStore|Any CPU.ActiveCfg = Release|Any CPU
		{313CD90C-4764-4CD0-9B13-130DB88ECFBA}.AppStore|Any CPU.Build.0 = Release|Any CPU
		{313CD90C-4764-4CD0-9B13-130DB88ECFBA}.AppStore|Any CPU.Deploy.0 = Release|Any CPU
		{313CD90C-4764-4CD0-9B13-130DB88ECFBA}.AppStore|ARM.ActiveCfg = Release|Any CPU
		{313CD90C-4764-4CD0-9B13-130DB88ECFBA}.AppStore|ARM.Build.0 = Release|Any CPU
		{313CD90C-4764-4CD0-9B13-130DB88ECFBA}.AppStore|ARM.Deploy.0 = Release|Any CPU
		{313CD90C-4764-4CD0-9B13-130DB88ECFBA}.AppStore|iPhone.ActiveCfg = Release|Any CPU
		{313CD90C-4764-4CD0-9B13-130DB88ECFBA}.AppStore|iPhone.Build.0 = Release|Any CPU
		{313CD90C-4764-4CD0-9B13-130DB88ECFBA}.AppStore|iPhone.Deploy.0 = Release|Any CPU
		{313CD90C-4764-4CD0-9B13-130DB88ECFBA}.AppStore|iPhoneSimulator.ActiveCfg = Release|Any CPU
		{313CD90C-4764-4CD0-9B13-130DB88ECFBA}.AppStore|iPhoneSimulator.Build.0 = Release|Any CPU
		{313CD90C-4764-4CD0-9B13-130DB88ECFBA}.AppStore|iPhoneSimulator.Deploy.0 = Release|Any CPU
		{313CD90C-4764-4CD0-9B13-130DB88ECFBA}.AppStore|x64.ActiveCfg = Release|Any CPU
		{313CD90C-4764-4CD0-9B13-130DB88ECFBA}.AppStore|x64.Build.0 = Release|Any CPU
		{313CD90C-4764-4CD0-9B13-130DB88ECFBA}.AppStore|x64.Deploy.0 = Release|Any CPU
		{313CD90C-4764-4CD0-9B13-130DB88ECFBA}.AppStore|x86.ActiveCfg = Release|Any CPU
		{313CD90C-4764-4CD0-9B13-130DB88ECFBA}.AppStore|x86.Build.0 = Release|Any CPU
		{313CD90C-4764-4CD0-9B13-130DB88ECFBA}.AppStore|x86.Deploy.0 = Release|Any CPU
		{313CD90C-4764-4CD0-9B13-130DB88ECFBA}.Debug|Any CPU.ActiveCfg = Debug|Any CPU
		{313CD90C-4764-4CD0-9B13-130DB88ECFBA}.Debug|Any CPU.Build.0 = Debug|Any CPU
		{313CD90C-4764-4CD0-9B13-130DB88ECFBA}.Debug|Any CPU.Deploy.0 = Debug|Any CPU
		{313CD90C-4764-4CD0-9B13-130DB88ECFBA}.Debug|ARM.ActiveCfg = Debug|Any CPU
		{313CD90C-4764-4CD0-9B13-130DB88ECFBA}.Debug|ARM.Build.0 = Debug|Any CPU
		{313CD90C-4764-4CD0-9B13-130DB88ECFBA}.Debug|ARM.Deploy.0 = Debug|Any CPU
		{313CD90C-4764-4CD0-9B13-130DB88ECFBA}.Debug|iPhone.ActiveCfg = Debug|Any CPU
		{313CD90C-4764-4CD0-9B13-130DB88ECFBA}.Debug|iPhone.Build.0 = Debug|Any CPU
		{313CD90C-4764-4CD0-9B13-130DB88ECFBA}.Debug|iPhone.Deploy.0 = Debug|Any CPU
		{313CD90C-4764-4CD0-9B13-130DB88ECFBA}.Debug|iPhoneSimulator.ActiveCfg = Debug|Any CPU
		{313CD90C-4764-4CD0-9B13-130DB88ECFBA}.Debug|iPhoneSimulator.Build.0 = Debug|Any CPU
		{313CD90C-4764-4CD0-9B13-130DB88ECFBA}.Debug|iPhoneSimulator.Deploy.0 = Debug|Any CPU
		{313CD90C-4764-4CD0-9B13-130DB88ECFBA}.Debug|x64.ActiveCfg = Debug|Any CPU
		{313CD90C-4764-4CD0-9B13-130DB88ECFBA}.Debug|x64.Build.0 = Debug|Any CPU
		{313CD90C-4764-4CD0-9B13-130DB88ECFBA}.Debug|x64.Deploy.0 = Debug|Any CPU
		{313CD90C-4764-4CD0-9B13-130DB88ECFBA}.Debug|x86.ActiveCfg = Debug|Any CPU
		{313CD90C-4764-4CD0-9B13-130DB88ECFBA}.Debug|x86.Build.0 = Debug|Any CPU
		{313CD90C-4764-4CD0-9B13-130DB88ECFBA}.Debug|x86.Deploy.0 = Debug|Any CPU
		{313CD90C-4764-4CD0-9B13-130DB88ECFBA}.Release|Any CPU.ActiveCfg = Release|Any CPU
		{313CD90C-4764-4CD0-9B13-130DB88ECFBA}.Release|Any CPU.Build.0 = Release|Any CPU
		{313CD90C-4764-4CD0-9B13-130DB88ECFBA}.Release|Any CPU.Deploy.0 = Release|Any CPU
		{313CD90C-4764-4CD0-9B13-130DB88ECFBA}.Release|ARM.ActiveCfg = Release|Any CPU
		{313CD90C-4764-4CD0-9B13-130DB88ECFBA}.Release|ARM.Build.0 = Release|Any CPU
		{313CD90C-4764-4CD0-9B13-130DB88ECFBA}.Release|ARM.Deploy.0 = Release|Any CPU
		{313CD90C-4764-4CD0-9B13-130DB88ECFBA}.Release|iPhone.ActiveCfg = Release|Any CPU
		{313CD90C-4764-4CD0-9B13-130DB88ECFBA}.Release|iPhone.Build.0 = Release|Any CPU
		{313CD90C-4764-4CD0-9B13-130DB88ECFBA}.Release|iPhone.Deploy.0 = Release|Any CPU
		{313CD90C-4764-4CD0-9B13-130DB88ECFBA}.Release|iPhoneSimulator.ActiveCfg = Release|Any CPU
		{313CD90C-4764-4CD0-9B13-130DB88ECFBA}.Release|iPhoneSimulator.Build.0 = Release|Any CPU
		{313CD90C-4764-4CD0-9B13-130DB88ECFBA}.Release|iPhoneSimulator.Deploy.0 = Release|Any CPU
		{313CD90C-4764-4CD0-9B13-130DB88ECFBA}.Release|x64.ActiveCfg = Release|Any CPU
		{313CD90C-4764-4CD0-9B13-130DB88ECFBA}.Release|x64.Build.0 = Release|Any CPU
		{313CD90C-4764-4CD0-9B13-130DB88ECFBA}.Release|x64.Deploy.0 = Release|Any CPU
		{313CD90C-4764-4CD0-9B13-130DB88ECFBA}.Release|x86.ActiveCfg = Release|Any CPU
		{313CD90C-4764-4CD0-9B13-130DB88ECFBA}.Release|x86.Build.0 = Release|Any CPU
		{313CD90C-4764-4CD0-9B13-130DB88ECFBA}.Release|x86.Deploy.0 = Release|Any CPU
		{EAC7715B-E67F-423A-9894-B9B44D0EA3F3}.Ad-Hoc|Any CPU.ActiveCfg = Ad-Hoc|iPhone
		{EAC7715B-E67F-423A-9894-B9B44D0EA3F3}.Ad-Hoc|ARM.ActiveCfg = Ad-Hoc|iPhone
		{EAC7715B-E67F-423A-9894-B9B44D0EA3F3}.Ad-Hoc|iPhone.ActiveCfg = Ad-Hoc|iPhone
		{EAC7715B-E67F-423A-9894-B9B44D0EA3F3}.Ad-Hoc|iPhone.Build.0 = Ad-Hoc|iPhone
		{EAC7715B-E67F-423A-9894-B9B44D0EA3F3}.Ad-Hoc|iPhoneSimulator.ActiveCfg = Ad-Hoc|iPhoneSimulator
		{EAC7715B-E67F-423A-9894-B9B44D0EA3F3}.Ad-Hoc|iPhoneSimulator.Build.0 = Ad-Hoc|iPhoneSimulator
		{EAC7715B-E67F-423A-9894-B9B44D0EA3F3}.Ad-Hoc|x64.ActiveCfg = Ad-Hoc|iPhone
		{EAC7715B-E67F-423A-9894-B9B44D0EA3F3}.Ad-Hoc|x86.ActiveCfg = Ad-Hoc|iPhone
		{EAC7715B-E67F-423A-9894-B9B44D0EA3F3}.AppStore|Any CPU.ActiveCfg = AppStore|iPhone
		{EAC7715B-E67F-423A-9894-B9B44D0EA3F3}.AppStore|ARM.ActiveCfg = AppStore|iPhone
		{EAC7715B-E67F-423A-9894-B9B44D0EA3F3}.AppStore|iPhone.ActiveCfg = AppStore|iPhone
		{EAC7715B-E67F-423A-9894-B9B44D0EA3F3}.AppStore|iPhone.Build.0 = AppStore|iPhone
		{EAC7715B-E67F-423A-9894-B9B44D0EA3F3}.AppStore|iPhoneSimulator.ActiveCfg = AppStore|iPhoneSimulator
		{EAC7715B-E67F-423A-9894-B9B44D0EA3F3}.AppStore|iPhoneSimulator.Build.0 = AppStore|iPhoneSimulator
		{EAC7715B-E67F-423A-9894-B9B44D0EA3F3}.AppStore|x64.ActiveCfg = AppStore|iPhone
		{EAC7715B-E67F-423A-9894-B9B44D0EA3F3}.AppStore|x86.ActiveCfg = AppStore|iPhone
		{EAC7715B-E67F-423A-9894-B9B44D0EA3F3}.Debug|Any CPU.ActiveCfg = Debug|iPhone
		{EAC7715B-E67F-423A-9894-B9B44D0EA3F3}.Debug|ARM.ActiveCfg = Debug|iPhone
		{EAC7715B-E67F-423A-9894-B9B44D0EA3F3}.Debug|iPhone.ActiveCfg = Debug|iPhone
		{EAC7715B-E67F-423A-9894-B9B44D0EA3F3}.Debug|iPhone.Build.0 = Debug|iPhone
		{EAC7715B-E67F-423A-9894-B9B44D0EA3F3}.Debug|iPhoneSimulator.ActiveCfg = Debug|iPhoneSimulator
		{EAC7715B-E67F-423A-9894-B9B44D0EA3F3}.Debug|iPhoneSimulator.Build.0 = Debug|iPhoneSimulator
		{EAC7715B-E67F-423A-9894-B9B44D0EA3F3}.Debug|x64.ActiveCfg = Debug|iPhone
		{EAC7715B-E67F-423A-9894-B9B44D0EA3F3}.Debug|x86.ActiveCfg = Debug|iPhone
		{EAC7715B-E67F-423A-9894-B9B44D0EA3F3}.Release|Any CPU.ActiveCfg = Release|iPhone
		{EAC7715B-E67F-423A-9894-B9B44D0EA3F3}.Release|ARM.ActiveCfg = Release|iPhone
		{EAC7715B-E67F-423A-9894-B9B44D0EA3F3}.Release|iPhone.ActiveCfg = Release|iPhone
		{EAC7715B-E67F-423A-9894-B9B44D0EA3F3}.Release|iPhone.Build.0 = Release|iPhone
		{EAC7715B-E67F-423A-9894-B9B44D0EA3F3}.Release|iPhoneSimulator.ActiveCfg = Release|iPhoneSimulator
		{EAC7715B-E67F-423A-9894-B9B44D0EA3F3}.Release|iPhoneSimulator.Build.0 = Release|iPhoneSimulator
		{EAC7715B-E67F-423A-9894-B9B44D0EA3F3}.Release|x64.ActiveCfg = Release|iPhone
		{EAC7715B-E67F-423A-9894-B9B44D0EA3F3}.Release|x86.ActiveCfg = Release|iPhone
		{6CF704C1-B299-4F7B-A3BC-8CE663CBFB13}.Ad-Hoc|Any CPU.ActiveCfg = Release|x86
		{6CF704C1-B299-4F7B-A3BC-8CE663CBFB13}.Ad-Hoc|Any CPU.Build.0 = Release|x86
		{6CF704C1-B299-4F7B-A3BC-8CE663CBFB13}.Ad-Hoc|Any CPU.Deploy.0 = Release|x86
		{6CF704C1-B299-4F7B-A3BC-8CE663CBFB13}.Ad-Hoc|ARM.ActiveCfg = Release|ARM
		{6CF704C1-B299-4F7B-A3BC-8CE663CBFB13}.Ad-Hoc|ARM.Build.0 = Release|ARM
		{6CF704C1-B299-4F7B-A3BC-8CE663CBFB13}.Ad-Hoc|ARM.Deploy.0 = Release|ARM
		{6CF704C1-B299-4F7B-A3BC-8CE663CBFB13}.Ad-Hoc|iPhone.ActiveCfg = Release|x86
		{6CF704C1-B299-4F7B-A3BC-8CE663CBFB13}.Ad-Hoc|iPhone.Build.0 = Release|x86
		{6CF704C1-B299-4F7B-A3BC-8CE663CBFB13}.Ad-Hoc|iPhone.Deploy.0 = Release|x86
		{6CF704C1-B299-4F7B-A3BC-8CE663CBFB13}.Ad-Hoc|iPhoneSimulator.ActiveCfg = Release|x86
		{6CF704C1-B299-4F7B-A3BC-8CE663CBFB13}.Ad-Hoc|iPhoneSimulator.Build.0 = Release|x86
		{6CF704C1-B299-4F7B-A3BC-8CE663CBFB13}.Ad-Hoc|iPhoneSimulator.Deploy.0 = Release|x86
		{6CF704C1-B299-4F7B-A3BC-8CE663CBFB13}.Ad-Hoc|x64.ActiveCfg = Release|x64
		{6CF704C1-B299-4F7B-A3BC-8CE663CBFB13}.Ad-Hoc|x64.Build.0 = Release|x64
		{6CF704C1-B299-4F7B-A3BC-8CE663CBFB13}.Ad-Hoc|x64.Deploy.0 = Release|x64
		{6CF704C1-B299-4F7B-A3BC-8CE663CBFB13}.Ad-Hoc|x86.ActiveCfg = Release|x86
		{6CF704C1-B299-4F7B-A3BC-8CE663CBFB13}.Ad-Hoc|x86.Build.0 = Release|x86
		{6CF704C1-B299-4F7B-A3BC-8CE663CBFB13}.Ad-Hoc|x86.Deploy.0 = Release|x86
		{6CF704C1-B299-4F7B-A3BC-8CE663CBFB13}.AppStore|Any CPU.ActiveCfg = Release|x86
		{6CF704C1-B299-4F7B-A3BC-8CE663CBFB13}.AppStore|Any CPU.Build.0 = Release|x86
		{6CF704C1-B299-4F7B-A3BC-8CE663CBFB13}.AppStore|Any CPU.Deploy.0 = Release|x86
		{6CF704C1-B299-4F7B-A3BC-8CE663CBFB13}.AppStore|ARM.ActiveCfg = Release|ARM
		{6CF704C1-B299-4F7B-A3BC-8CE663CBFB13}.AppStore|ARM.Build.0 = Release|ARM
		{6CF704C1-B299-4F7B-A3BC-8CE663CBFB13}.AppStore|ARM.Deploy.0 = Release|ARM
		{6CF704C1-B299-4F7B-A3BC-8CE663CBFB13}.AppStore|iPhone.ActiveCfg = Release|x86
		{6CF704C1-B299-4F7B-A3BC-8CE663CBFB13}.AppStore|iPhone.Build.0 = Release|x86
		{6CF704C1-B299-4F7B-A3BC-8CE663CBFB13}.AppStore|iPhone.Deploy.0 = Release|x86
		{6CF704C1-B299-4F7B-A3BC-8CE663CBFB13}.AppStore|iPhoneSimulator.ActiveCfg = Release|x86
		{6CF704C1-B299-4F7B-A3BC-8CE663CBFB13}.AppStore|iPhoneSimulator.Build.0 = Release|x86
		{6CF704C1-B299-4F7B-A3BC-8CE663CBFB13}.AppStore|iPhoneSimulator.Deploy.0 = Release|x86
		{6CF704C1-B299-4F7B-A3BC-8CE663CBFB13}.AppStore|x64.ActiveCfg = Release|x64
		{6CF704C1-B299-4F7B-A3BC-8CE663CBFB13}.AppStore|x64.Build.0 = Release|x64
		{6CF704C1-B299-4F7B-A3BC-8CE663CBFB13}.AppStore|x64.Deploy.0 = Release|x64
		{6CF704C1-B299-4F7B-A3BC-8CE663CBFB13}.AppStore|x86.ActiveCfg = Release|x86
		{6CF704C1-B299-4F7B-A3BC-8CE663CBFB13}.AppStore|x86.Build.0 = Release|x86
		{6CF704C1-B299-4F7B-A3BC-8CE663CBFB13}.AppStore|x86.Deploy.0 = Release|x86
		{6CF704C1-B299-4F7B-A3BC-8CE663CBFB13}.Debug|Any CPU.ActiveCfg = Debug|x86
		{6CF704C1-B299-4F7B-A3BC-8CE663CBFB13}.Debug|ARM.ActiveCfg = Debug|ARM
		{6CF704C1-B299-4F7B-A3BC-8CE663CBFB13}.Debug|ARM.Build.0 = Debug|ARM
		{6CF704C1-B299-4F7B-A3BC-8CE663CBFB13}.Debug|ARM.Deploy.0 = Debug|ARM
		{6CF704C1-B299-4F7B-A3BC-8CE663CBFB13}.Debug|iPhone.ActiveCfg = Debug|x86
		{6CF704C1-B299-4F7B-A3BC-8CE663CBFB13}.Debug|iPhoneSimulator.ActiveCfg = Debug|x86
		{6CF704C1-B299-4F7B-A3BC-8CE663CBFB13}.Debug|x64.ActiveCfg = Debug|x64
		{6CF704C1-B299-4F7B-A3BC-8CE663CBFB13}.Debug|x64.Build.0 = Debug|x64
		{6CF704C1-B299-4F7B-A3BC-8CE663CBFB13}.Debug|x64.Deploy.0 = Debug|x64
		{6CF704C1-B299-4F7B-A3BC-8CE663CBFB13}.Debug|x86.ActiveCfg = Debug|x86
		{6CF704C1-B299-4F7B-A3BC-8CE663CBFB13}.Debug|x86.Build.0 = Debug|x86
		{6CF704C1-B299-4F7B-A3BC-8CE663CBFB13}.Debug|x86.Deploy.0 = Debug|x86
		{6CF704C1-B299-4F7B-A3BC-8CE663CBFB13}.Release|Any CPU.ActiveCfg = Release|x86
		{6CF704C1-B299-4F7B-A3BC-8CE663CBFB13}.Release|ARM.ActiveCfg = Release|ARM
		{6CF704C1-B299-4F7B-A3BC-8CE663CBFB13}.Release|ARM.Build.0 = Release|ARM
		{6CF704C1-B299-4F7B-A3BC-8CE663CBFB13}.Release|ARM.Deploy.0 = Release|ARM
		{6CF704C1-B299-4F7B-A3BC-8CE663CBFB13}.Release|iPhone.ActiveCfg = Release|x86
		{6CF704C1-B299-4F7B-A3BC-8CE663CBFB13}.Release|iPhoneSimulator.ActiveCfg = Release|x86
		{6CF704C1-B299-4F7B-A3BC-8CE663CBFB13}.Release|x64.ActiveCfg = Release|x64
		{6CF704C1-B299-4F7B-A3BC-8CE663CBFB13}.Release|x64.Build.0 = Release|x64
		{6CF704C1-B299-4F7B-A3BC-8CE663CBFB13}.Release|x64.Deploy.0 = Release|x64
		{6CF704C1-B299-4F7B-A3BC-8CE663CBFB13}.Release|x86.ActiveCfg = Release|x86
		{6CF704C1-B299-4F7B-A3BC-8CE663CBFB13}.Release|x86.Build.0 = Release|x86
		{6CF704C1-B299-4F7B-A3BC-8CE663CBFB13}.Release|x86.Deploy.0 = Release|x86
		{E4A64645-5ACB-4BC9-A111-228E6BE4C037}.Ad-Hoc|Any CPU.ActiveCfg = Release|Any CPU
		{E4A64645-5ACB-4BC9-A111-228E6BE4C037}.Ad-Hoc|Any CPU.Build.0 = Release|Any CPU
		{E4A64645-5ACB-4BC9-A111-228E6BE4C037}.Ad-Hoc|ARM.ActiveCfg = Release|Any CPU
		{E4A64645-5ACB-4BC9-A111-228E6BE4C037}.Ad-Hoc|ARM.Build.0 = Release|Any CPU
		{E4A64645-5ACB-4BC9-A111-228E6BE4C037}.Ad-Hoc|iPhone.ActiveCfg = Release|Any CPU
		{E4A64645-5ACB-4BC9-A111-228E6BE4C037}.Ad-Hoc|iPhone.Build.0 = Release|Any CPU
		{E4A64645-5ACB-4BC9-A111-228E6BE4C037}.Ad-Hoc|iPhoneSimulator.ActiveCfg = Release|Any CPU
		{E4A64645-5ACB-4BC9-A111-228E6BE4C037}.Ad-Hoc|iPhoneSimulator.Build.0 = Release|Any CPU
		{E4A64645-5ACB-4BC9-A111-228E6BE4C037}.Ad-Hoc|x64.ActiveCfg = Release|Any CPU
		{E4A64645-5ACB-4BC9-A111-228E6BE4C037}.Ad-Hoc|x64.Build.0 = Release|Any CPU
		{E4A64645-5ACB-4BC9-A111-228E6BE4C037}.Ad-Hoc|x86.ActiveCfg = Release|Any CPU
		{E4A64645-5ACB-4BC9-A111-228E6BE4C037}.Ad-Hoc|x86.Build.0 = Release|Any CPU
		{E4A64645-5ACB-4BC9-A111-228E6BE4C037}.AppStore|Any CPU.ActiveCfg = Release|Any CPU
		{E4A64645-5ACB-4BC9-A111-228E6BE4C037}.AppStore|Any CPU.Build.0 = Release|Any CPU
		{E4A64645-5ACB-4BC9-A111-228E6BE4C037}.AppStore|ARM.ActiveCfg = Release|Any CPU
		{E4A64645-5ACB-4BC9-A111-228E6BE4C037}.AppStore|ARM.Build.0 = Release|Any CPU
		{E4A64645-5ACB-4BC9-A111-228E6BE4C037}.AppStore|iPhone.ActiveCfg = Release|Any CPU
		{E4A64645-5ACB-4BC9-A111-228E6BE4C037}.AppStore|iPhone.Build.0 = Release|Any CPU
		{E4A64645-5ACB-4BC9-A111-228E6BE4C037}.AppStore|iPhoneSimulator.ActiveCfg = Release|Any CPU
		{E4A64645-5ACB-4BC9-A111-228E6BE4C037}.AppStore|iPhoneSimulator.Build.0 = Release|Any CPU
		{E4A64645-5ACB-4BC9-A111-228E6BE4C037}.AppStore|x64.ActiveCfg = Release|Any CPU
		{E4A64645-5ACB-4BC9-A111-228E6BE4C037}.AppStore|x64.Build.0 = Release|Any CPU
		{E4A64645-5ACB-4BC9-A111-228E6BE4C037}.AppStore|x86.ActiveCfg = Release|Any CPU
		{E4A64645-5ACB-4BC9-A111-228E6BE4C037}.AppStore|x86.Build.0 = Release|Any CPU
		{E4A64645-5ACB-4BC9-A111-228E6BE4C037}.Debug|Any CPU.ActiveCfg = Debug|Any CPU
		{E4A64645-5ACB-4BC9-A111-228E6BE4C037}.Debug|Any CPU.Build.0 = Debug|Any CPU
		{E4A64645-5ACB-4BC9-A111-228E6BE4C037}.Debug|ARM.ActiveCfg = Debug|Any CPU
		{E4A64645-5ACB-4BC9-A111-228E6BE4C037}.Debug|ARM.Build.0 = Debug|Any CPU
		{E4A64645-5ACB-4BC9-A111-228E6BE4C037}.Debug|iPhone.ActiveCfg = Debug|Any CPU
		{E4A64645-5ACB-4BC9-A111-228E6BE4C037}.Debug|iPhone.Build.0 = Debug|Any CPU
		{E4A64645-5ACB-4BC9-A111-228E6BE4C037}.Debug|iPhoneSimulator.ActiveCfg = Debug|Any CPU
		{E4A64645-5ACB-4BC9-A111-228E6BE4C037}.Debug|iPhoneSimulator.Build.0 = Debug|Any CPU
		{E4A64645-5ACB-4BC9-A111-228E6BE4C037}.Debug|x64.ActiveCfg = Debug|Any CPU
		{E4A64645-5ACB-4BC9-A111-228E6BE4C037}.Debug|x64.Build.0 = Debug|Any CPU
		{E4A64645-5ACB-4BC9-A111-228E6BE4C037}.Debug|x86.ActiveCfg = Debug|Any CPU
		{E4A64645-5ACB-4BC9-A111-228E6BE4C037}.Debug|x86.Build.0 = Debug|Any CPU
		{E4A64645-5ACB-4BC9-A111-228E6BE4C037}.Release|Any CPU.ActiveCfg = Release|Any CPU
		{E4A64645-5ACB-4BC9-A111-228E6BE4C037}.Release|Any CPU.Build.0 = Release|Any CPU
		{E4A64645-5ACB-4BC9-A111-228E6BE4C037}.Release|ARM.ActiveCfg = Release|Any CPU
		{E4A64645-5ACB-4BC9-A111-228E6BE4C037}.Release|ARM.Build.0 = Release|Any CPU
		{E4A64645-5ACB-4BC9-A111-228E6BE4C037}.Release|iPhone.ActiveCfg = Release|Any CPU
		{E4A64645-5ACB-4BC9-A111-228E6BE4C037}.Release|iPhone.Build.0 = Release|Any CPU
		{E4A64645-5ACB-4BC9-A111-228E6BE4C037}.Release|iPhoneSimulator.ActiveCfg = Release|Any CPU
		{E4A64645-5ACB-4BC9-A111-228E6BE4C037}.Release|iPhoneSimulator.Build.0 = Release|Any CPU
		{E4A64645-5ACB-4BC9-A111-228E6BE4C037}.Release|x64.ActiveCfg = Release|Any CPU
		{E4A64645-5ACB-4BC9-A111-228E6BE4C037}.Release|x64.Build.0 = Release|Any CPU
		{E4A64645-5ACB-4BC9-A111-228E6BE4C037}.Release|x86.ActiveCfg = Release|Any CPU
		{E4A64645-5ACB-4BC9-A111-228E6BE4C037}.Release|x86.Build.0 = Release|Any CPU
		{67234325-4926-4123-B840-317A1ACAB57F}.Ad-Hoc|Any CPU.ActiveCfg = Release|Any CPU
		{67234325-4926-4123-B840-317A1ACAB57F}.Ad-Hoc|Any CPU.Build.0 = Release|Any CPU
		{67234325-4926-4123-B840-317A1ACAB57F}.Ad-Hoc|Any CPU.Deploy.0 = Release|Any CPU
		{67234325-4926-4123-B840-317A1ACAB57F}.Ad-Hoc|ARM.ActiveCfg = Release|Any CPU
		{67234325-4926-4123-B840-317A1ACAB57F}.Ad-Hoc|ARM.Build.0 = Release|Any CPU
		{67234325-4926-4123-B840-317A1ACAB57F}.Ad-Hoc|ARM.Deploy.0 = Release|Any CPU
		{67234325-4926-4123-B840-317A1ACAB57F}.Ad-Hoc|iPhone.ActiveCfg = Release|Any CPU
		{67234325-4926-4123-B840-317A1ACAB57F}.Ad-Hoc|iPhone.Build.0 = Release|Any CPU
		{67234325-4926-4123-B840-317A1ACAB57F}.Ad-Hoc|iPhone.Deploy.0 = Release|Any CPU
		{67234325-4926-4123-B840-317A1ACAB57F}.Ad-Hoc|iPhoneSimulator.ActiveCfg = Release|Any CPU
		{67234325-4926-4123-B840-317A1ACAB57F}.Ad-Hoc|iPhoneSimulator.Build.0 = Release|Any CPU
		{67234325-4926-4123-B840-317A1ACAB57F}.Ad-Hoc|iPhoneSimulator.Deploy.0 = Release|Any CPU
		{67234325-4926-4123-B840-317A1ACAB57F}.Ad-Hoc|x64.ActiveCfg = Release|Any CPU
		{67234325-4926-4123-B840-317A1ACAB57F}.Ad-Hoc|x64.Build.0 = Release|Any CPU
		{67234325-4926-4123-B840-317A1ACAB57F}.Ad-Hoc|x64.Deploy.0 = Release|Any CPU
		{67234325-4926-4123-B840-317A1ACAB57F}.Ad-Hoc|x86.ActiveCfg = Release|Any CPU
		{67234325-4926-4123-B840-317A1ACAB57F}.Ad-Hoc|x86.Build.0 = Release|Any CPU
		{67234325-4926-4123-B840-317A1ACAB57F}.Ad-Hoc|x86.Deploy.0 = Release|Any CPU
		{67234325-4926-4123-B840-317A1ACAB57F}.AppStore|Any CPU.ActiveCfg = Release|Any CPU
		{67234325-4926-4123-B840-317A1ACAB57F}.AppStore|Any CPU.Build.0 = Release|Any CPU
		{67234325-4926-4123-B840-317A1ACAB57F}.AppStore|Any CPU.Deploy.0 = Release|Any CPU
		{67234325-4926-4123-B840-317A1ACAB57F}.AppStore|ARM.ActiveCfg = Release|Any CPU
		{67234325-4926-4123-B840-317A1ACAB57F}.AppStore|ARM.Build.0 = Release|Any CPU
		{67234325-4926-4123-B840-317A1ACAB57F}.AppStore|ARM.Deploy.0 = Release|Any CPU
		{67234325-4926-4123-B840-317A1ACAB57F}.AppStore|iPhone.ActiveCfg = Release|Any CPU
		{67234325-4926-4123-B840-317A1ACAB57F}.AppStore|iPhone.Build.0 = Release|Any CPU
		{67234325-4926-4123-B840-317A1ACAB57F}.AppStore|iPhone.Deploy.0 = Release|Any CPU
		{67234325-4926-4123-B840-317A1ACAB57F}.AppStore|iPhoneSimulator.ActiveCfg = Release|Any CPU
		{67234325-4926-4123-B840-317A1ACAB57F}.AppStore|iPhoneSimulator.Build.0 = Release|Any CPU
		{67234325-4926-4123-B840-317A1ACAB57F}.AppStore|iPhoneSimulator.Deploy.0 = Release|Any CPU
		{67234325-4926-4123-B840-317A1ACAB57F}.AppStore|x64.ActiveCfg = Release|Any CPU
		{67234325-4926-4123-B840-317A1ACAB57F}.AppStore|x64.Build.0 = Release|Any CPU
		{67234325-4926-4123-B840-317A1ACAB57F}.AppStore|x64.Deploy.0 = Release|Any CPU
		{67234325-4926-4123-B840-317A1ACAB57F}.AppStore|x86.ActiveCfg = Release|Any CPU
		{67234325-4926-4123-B840-317A1ACAB57F}.AppStore|x86.Build.0 = Release|Any CPU
		{67234325-4926-4123-B840-317A1ACAB57F}.AppStore|x86.Deploy.0 = Release|Any CPU
		{67234325-4926-4123-B840-317A1ACAB57F}.Debug|Any CPU.ActiveCfg = Debug|Any CPU
		{67234325-4926-4123-B840-317A1ACAB57F}.Debug|Any CPU.Build.0 = Debug|Any CPU
		{67234325-4926-4123-B840-317A1ACAB57F}.Debug|Any CPU.Deploy.0 = Debug|Any CPU
		{67234325-4926-4123-B840-317A1ACAB57F}.Debug|ARM.ActiveCfg = Debug|Any CPU
		{67234325-4926-4123-B840-317A1ACAB57F}.Debug|ARM.Build.0 = Debug|Any CPU
		{67234325-4926-4123-B840-317A1ACAB57F}.Debug|ARM.Deploy.0 = Debug|Any CPU
		{67234325-4926-4123-B840-317A1ACAB57F}.Debug|iPhone.ActiveCfg = Debug|Any CPU
		{67234325-4926-4123-B840-317A1ACAB57F}.Debug|iPhone.Build.0 = Debug|Any CPU
		{67234325-4926-4123-B840-317A1ACAB57F}.Debug|iPhone.Deploy.0 = Debug|Any CPU
		{67234325-4926-4123-B840-317A1ACAB57F}.Debug|iPhoneSimulator.ActiveCfg = Debug|Any CPU
		{67234325-4926-4123-B840-317A1ACAB57F}.Debug|iPhoneSimulator.Build.0 = Debug|Any CPU
		{67234325-4926-4123-B840-317A1ACAB57F}.Debug|iPhoneSimulator.Deploy.0 = Debug|Any CPU
		{67234325-4926-4123-B840-317A1ACAB57F}.Debug|x64.ActiveCfg = Debug|Any CPU
		{67234325-4926-4123-B840-317A1ACAB57F}.Debug|x64.Build.0 = Debug|Any CPU
		{67234325-4926-4123-B840-317A1ACAB57F}.Debug|x64.Deploy.0 = Debug|Any CPU
		{67234325-4926-4123-B840-317A1ACAB57F}.Debug|x86.ActiveCfg = Debug|Any CPU
		{67234325-4926-4123-B840-317A1ACAB57F}.Debug|x86.Build.0 = Debug|Any CPU
		{67234325-4926-4123-B840-317A1ACAB57F}.Debug|x86.Deploy.0 = Debug|Any CPU
		{67234325-4926-4123-B840-317A1ACAB57F}.Release|Any CPU.ActiveCfg = Release|Any CPU
		{67234325-4926-4123-B840-317A1ACAB57F}.Release|Any CPU.Build.0 = Release|Any CPU
		{67234325-4926-4123-B840-317A1ACAB57F}.Release|Any CPU.Deploy.0 = Release|Any CPU
		{67234325-4926-4123-B840-317A1ACAB57F}.Release|ARM.ActiveCfg = Release|Any CPU
		{67234325-4926-4123-B840-317A1ACAB57F}.Release|ARM.Build.0 = Release|Any CPU
		{67234325-4926-4123-B840-317A1ACAB57F}.Release|ARM.Deploy.0 = Release|Any CPU
		{67234325-4926-4123-B840-317A1ACAB57F}.Release|iPhone.ActiveCfg = Release|Any CPU
		{67234325-4926-4123-B840-317A1ACAB57F}.Release|iPhone.Build.0 = Release|Any CPU
		{67234325-4926-4123-B840-317A1ACAB57F}.Release|iPhone.Deploy.0 = Release|Any CPU
		{67234325-4926-4123-B840-317A1ACAB57F}.Release|iPhoneSimulator.ActiveCfg = Release|Any CPU
		{67234325-4926-4123-B840-317A1ACAB57F}.Release|iPhoneSimulator.Build.0 = Release|Any CPU
		{67234325-4926-4123-B840-317A1ACAB57F}.Release|iPhoneSimulator.Deploy.0 = Release|Any CPU
		{67234325-4926-4123-B840-317A1ACAB57F}.Release|x64.ActiveCfg = Release|Any CPU
		{67234325-4926-4123-B840-317A1ACAB57F}.Release|x64.Build.0 = Release|Any CPU
		{67234325-4926-4123-B840-317A1ACAB57F}.Release|x64.Deploy.0 = Release|Any CPU
		{67234325-4926-4123-B840-317A1ACAB57F}.Release|x86.ActiveCfg = Release|Any CPU
		{67234325-4926-4123-B840-317A1ACAB57F}.Release|x86.Build.0 = Release|Any CPU
		{67234325-4926-4123-B840-317A1ACAB57F}.Release|x86.Deploy.0 = Release|Any CPU
		{C7C991D5-FA55-48B3-9E32-8B2B60593E9E}.Ad-Hoc|Any CPU.ActiveCfg = Ad-Hoc|iPhone
		{C7C991D5-FA55-48B3-9E32-8B2B60593E9E}.Ad-Hoc|ARM.ActiveCfg = Ad-Hoc|iPhone
		{C7C991D5-FA55-48B3-9E32-8B2B60593E9E}.Ad-Hoc|iPhone.ActiveCfg = Ad-Hoc|iPhone
		{C7C991D5-FA55-48B3-9E32-8B2B60593E9E}.Ad-Hoc|iPhone.Build.0 = Ad-Hoc|iPhone
		{C7C991D5-FA55-48B3-9E32-8B2B60593E9E}.Ad-Hoc|iPhoneSimulator.ActiveCfg = Ad-Hoc|iPhoneSimulator
		{C7C991D5-FA55-48B3-9E32-8B2B60593E9E}.Ad-Hoc|iPhoneSimulator.Build.0 = Ad-Hoc|iPhoneSimulator
		{C7C991D5-FA55-48B3-9E32-8B2B60593E9E}.Ad-Hoc|x64.ActiveCfg = Ad-Hoc|iPhone
		{C7C991D5-FA55-48B3-9E32-8B2B60593E9E}.Ad-Hoc|x86.ActiveCfg = Ad-Hoc|iPhone
		{C7C991D5-FA55-48B3-9E32-8B2B60593E9E}.AppStore|Any CPU.ActiveCfg = AppStore|iPhone
		{C7C991D5-FA55-48B3-9E32-8B2B60593E9E}.AppStore|ARM.ActiveCfg = AppStore|iPhone
		{C7C991D5-FA55-48B3-9E32-8B2B60593E9E}.AppStore|iPhone.ActiveCfg = AppStore|iPhone
		{C7C991D5-FA55-48B3-9E32-8B2B60593E9E}.AppStore|iPhone.Build.0 = AppStore|iPhone
		{C7C991D5-FA55-48B3-9E32-8B2B60593E9E}.AppStore|iPhoneSimulator.ActiveCfg = AppStore|iPhoneSimulator
		{C7C991D5-FA55-48B3-9E32-8B2B60593E9E}.AppStore|iPhoneSimulator.Build.0 = AppStore|iPhoneSimulator
		{C7C991D5-FA55-48B3-9E32-8B2B60593E9E}.AppStore|x64.ActiveCfg = AppStore|iPhone
		{C7C991D5-FA55-48B3-9E32-8B2B60593E9E}.AppStore|x86.ActiveCfg = AppStore|iPhone
		{C7C991D5-FA55-48B3-9E32-8B2B60593E9E}.Debug|Any CPU.ActiveCfg = Debug|iPhone
		{C7C991D5-FA55-48B3-9E32-8B2B60593E9E}.Debug|ARM.ActiveCfg = Debug|iPhone
		{C7C991D5-FA55-48B3-9E32-8B2B60593E9E}.Debug|iPhone.ActiveCfg = Debug|iPhone
		{C7C991D5-FA55-48B3-9E32-8B2B60593E9E}.Debug|iPhone.Build.0 = Debug|iPhone
		{C7C991D5-FA55-48B3-9E32-8B2B60593E9E}.Debug|iPhoneSimulator.ActiveCfg = Debug|iPhoneSimulator
		{C7C991D5-FA55-48B3-9E32-8B2B60593E9E}.Debug|iPhoneSimulator.Build.0 = Debug|iPhoneSimulator
		{C7C991D5-FA55-48B3-9E32-8B2B60593E9E}.Debug|x64.ActiveCfg = Debug|iPhone
		{C7C991D5-FA55-48B3-9E32-8B2B60593E9E}.Debug|x86.ActiveCfg = Debug|iPhone
		{C7C991D5-FA55-48B3-9E32-8B2B60593E9E}.Release|Any CPU.ActiveCfg = Release|iPhone
		{C7C991D5-FA55-48B3-9E32-8B2B60593E9E}.Release|ARM.ActiveCfg = Release|iPhone
		{C7C991D5-FA55-48B3-9E32-8B2B60593E9E}.Release|iPhone.ActiveCfg = Release|iPhone
		{C7C991D5-FA55-48B3-9E32-8B2B60593E9E}.Release|iPhone.Build.0 = Release|iPhone
		{C7C991D5-FA55-48B3-9E32-8B2B60593E9E}.Release|iPhoneSimulator.ActiveCfg = Release|iPhoneSimulator
		{C7C991D5-FA55-48B3-9E32-8B2B60593E9E}.Release|iPhoneSimulator.Build.0 = Release|iPhoneSimulator
		{C7C991D5-FA55-48B3-9E32-8B2B60593E9E}.Release|x64.ActiveCfg = Release|iPhone
		{C7C991D5-FA55-48B3-9E32-8B2B60593E9E}.Release|x86.ActiveCfg = Release|iPhone
		{3EC22681-8FC2-462D-ACE4-B653A10B501B}.Ad-Hoc|Any CPU.ActiveCfg = Release|x86
		{3EC22681-8FC2-462D-ACE4-B653A10B501B}.Ad-Hoc|Any CPU.Build.0 = Release|x86
		{3EC22681-8FC2-462D-ACE4-B653A10B501B}.Ad-Hoc|Any CPU.Deploy.0 = Release|x86
		{3EC22681-8FC2-462D-ACE4-B653A10B501B}.Ad-Hoc|ARM.ActiveCfg = Release|ARM
		{3EC22681-8FC2-462D-ACE4-B653A10B501B}.Ad-Hoc|ARM.Build.0 = Release|ARM
		{3EC22681-8FC2-462D-ACE4-B653A10B501B}.Ad-Hoc|ARM.Deploy.0 = Release|ARM
		{3EC22681-8FC2-462D-ACE4-B653A10B501B}.Ad-Hoc|iPhone.ActiveCfg = Release|x86
		{3EC22681-8FC2-462D-ACE4-B653A10B501B}.Ad-Hoc|iPhone.Build.0 = Release|x86
		{3EC22681-8FC2-462D-ACE4-B653A10B501B}.Ad-Hoc|iPhone.Deploy.0 = Release|x86
		{3EC22681-8FC2-462D-ACE4-B653A10B501B}.Ad-Hoc|iPhoneSimulator.ActiveCfg = Release|x86
		{3EC22681-8FC2-462D-ACE4-B653A10B501B}.Ad-Hoc|iPhoneSimulator.Build.0 = Release|x86
		{3EC22681-8FC2-462D-ACE4-B653A10B501B}.Ad-Hoc|iPhoneSimulator.Deploy.0 = Release|x86
		{3EC22681-8FC2-462D-ACE4-B653A10B501B}.Ad-Hoc|x64.ActiveCfg = Release|x64
		{3EC22681-8FC2-462D-ACE4-B653A10B501B}.Ad-Hoc|x64.Build.0 = Release|x64
		{3EC22681-8FC2-462D-ACE4-B653A10B501B}.Ad-Hoc|x64.Deploy.0 = Release|x64
		{3EC22681-8FC2-462D-ACE4-B653A10B501B}.Ad-Hoc|x86.ActiveCfg = Release|x86
		{3EC22681-8FC2-462D-ACE4-B653A10B501B}.Ad-Hoc|x86.Build.0 = Release|x86
		{3EC22681-8FC2-462D-ACE4-B653A10B501B}.Ad-Hoc|x86.Deploy.0 = Release|x86
		{3EC22681-8FC2-462D-ACE4-B653A10B501B}.AppStore|Any CPU.ActiveCfg = Release|x86
		{3EC22681-8FC2-462D-ACE4-B653A10B501B}.AppStore|Any CPU.Build.0 = Release|x86
		{3EC22681-8FC2-462D-ACE4-B653A10B501B}.AppStore|Any CPU.Deploy.0 = Release|x86
		{3EC22681-8FC2-462D-ACE4-B653A10B501B}.AppStore|ARM.ActiveCfg = Release|ARM
		{3EC22681-8FC2-462D-ACE4-B653A10B501B}.AppStore|ARM.Build.0 = Release|ARM
		{3EC22681-8FC2-462D-ACE4-B653A10B501B}.AppStore|ARM.Deploy.0 = Release|ARM
		{3EC22681-8FC2-462D-ACE4-B653A10B501B}.AppStore|iPhone.ActiveCfg = Release|x86
		{3EC22681-8FC2-462D-ACE4-B653A10B501B}.AppStore|iPhone.Build.0 = Release|x86
		{3EC22681-8FC2-462D-ACE4-B653A10B501B}.AppStore|iPhone.Deploy.0 = Release|x86
		{3EC22681-8FC2-462D-ACE4-B653A10B501B}.AppStore|iPhoneSimulator.ActiveCfg = Release|x86
		{3EC22681-8FC2-462D-ACE4-B653A10B501B}.AppStore|iPhoneSimulator.Build.0 = Release|x86
		{3EC22681-8FC2-462D-ACE4-B653A10B501B}.AppStore|iPhoneSimulator.Deploy.0 = Release|x86
		{3EC22681-8FC2-462D-ACE4-B653A10B501B}.AppStore|x64.ActiveCfg = Release|x64
		{3EC22681-8FC2-462D-ACE4-B653A10B501B}.AppStore|x64.Build.0 = Release|x64
		{3EC22681-8FC2-462D-ACE4-B653A10B501B}.AppStore|x64.Deploy.0 = Release|x64
		{3EC22681-8FC2-462D-ACE4-B653A10B501B}.AppStore|x86.ActiveCfg = Release|x86
		{3EC22681-8FC2-462D-ACE4-B653A10B501B}.AppStore|x86.Build.0 = Release|x86
		{3EC22681-8FC2-462D-ACE4-B653A10B501B}.AppStore|x86.Deploy.0 = Release|x86
		{3EC22681-8FC2-462D-ACE4-B653A10B501B}.Debug|Any CPU.ActiveCfg = Debug|x86
		{3EC22681-8FC2-462D-ACE4-B653A10B501B}.Debug|ARM.ActiveCfg = Debug|ARM
		{3EC22681-8FC2-462D-ACE4-B653A10B501B}.Debug|ARM.Build.0 = Debug|ARM
		{3EC22681-8FC2-462D-ACE4-B653A10B501B}.Debug|ARM.Deploy.0 = Debug|ARM
		{3EC22681-8FC2-462D-ACE4-B653A10B501B}.Debug|iPhone.ActiveCfg = Debug|x86
		{3EC22681-8FC2-462D-ACE4-B653A10B501B}.Debug|iPhoneSimulator.ActiveCfg = Debug|x86
		{3EC22681-8FC2-462D-ACE4-B653A10B501B}.Debug|x64.ActiveCfg = Debug|x64
		{3EC22681-8FC2-462D-ACE4-B653A10B501B}.Debug|x64.Build.0 = Debug|x64
		{3EC22681-8FC2-462D-ACE4-B653A10B501B}.Debug|x64.Deploy.0 = Debug|x64
		{3EC22681-8FC2-462D-ACE4-B653A10B501B}.Debug|x86.ActiveCfg = Debug|x86
		{3EC22681-8FC2-462D-ACE4-B653A10B501B}.Debug|x86.Build.0 = Debug|x86
		{3EC22681-8FC2-462D-ACE4-B653A10B501B}.Debug|x86.Deploy.0 = Debug|x86
		{3EC22681-8FC2-462D-ACE4-B653A10B501B}.Release|Any CPU.ActiveCfg = Release|x86
		{3EC22681-8FC2-462D-ACE4-B653A10B501B}.Release|ARM.ActiveCfg = Release|ARM
		{3EC22681-8FC2-462D-ACE4-B653A10B501B}.Release|ARM.Build.0 = Release|ARM
		{3EC22681-8FC2-462D-ACE4-B653A10B501B}.Release|ARM.Deploy.0 = Release|ARM
		{3EC22681-8FC2-462D-ACE4-B653A10B501B}.Release|iPhone.ActiveCfg = Release|x86
		{3EC22681-8FC2-462D-ACE4-B653A10B501B}.Release|iPhoneSimulator.ActiveCfg = Release|x86
		{3EC22681-8FC2-462D-ACE4-B653A10B501B}.Release|x64.ActiveCfg = Release|x64
		{3EC22681-8FC2-462D-ACE4-B653A10B501B}.Release|x64.Build.0 = Release|x64
		{3EC22681-8FC2-462D-ACE4-B653A10B501B}.Release|x64.Deploy.0 = Release|x64
		{3EC22681-8FC2-462D-ACE4-B653A10B501B}.Release|x86.ActiveCfg = Release|x86
		{3EC22681-8FC2-462D-ACE4-B653A10B501B}.Release|x86.Build.0 = Release|x86
		{3EC22681-8FC2-462D-ACE4-B653A10B501B}.Release|x86.Deploy.0 = Release|x86
	EndGlobalSection
	GlobalSection(SolutionProperties) = preSolution
		HideSolutionNode = FALSE
	EndGlobalSection
	GlobalSection(NestedProjects) = preSolution
		{AE39481E-1F04-4854-A0C9-88D5F2DA9D44} = {8A2E8FFB-4C2D-4AF7-9213-DDC23902D92B}
		{313CD90C-4764-4CD0-9B13-130DB88ECFBA} = {8A2E8FFB-4C2D-4AF7-9213-DDC23902D92B}
		{EAC7715B-E67F-423A-9894-B9B44D0EA3F3} = {8A2E8FFB-4C2D-4AF7-9213-DDC23902D92B}
		{6CF704C1-B299-4F7B-A3BC-8CE663CBFB13} = {8A2E8FFB-4C2D-4AF7-9213-DDC23902D92B}
		{E4A64645-5ACB-4BC9-A111-228E6BE4C037} = {0344CD9C-0FF3-4FAD-8C65-E5D0D7E78805}
		{67234325-4926-4123-B840-317A1ACAB57F} = {0344CD9C-0FF3-4FAD-8C65-E5D0D7E78805}
		{C7C991D5-FA55-48B3-9E32-8B2B60593E9E} = {0344CD9C-0FF3-4FAD-8C65-E5D0D7E78805}
		{3EC22681-8FC2-462D-ACE4-B653A10B501B} = {0344CD9C-0FF3-4FAD-8C65-E5D0D7E78805}
	EndGlobalSection
EndGlobal
